
Microsoft Visual Studio Solution File, Format Version 12.00
# Visual Studio Version 17
VisualStudioVersion = 17.14.36915.13 d17.14
MinimumVisualStudioVersion = 10.0.40219.1
Project("{FAE04EC0-301F-11D3-BF4B-00C04F79EFBC}") = "image-converter", "image-converter\image-converter.csproj", "{824190AC-9181-48FD-BB02-79E2B9E12334}"
EndProject
Global
	GlobalSection(SolutionConfigurationPlatforms) = preSolution
		Debug|Any CPU = Debug|Any CPU
		Release|Any CPU = Release|Any CPU
	EndGlobalSection
	GlobalSection(ProjectConfigurationPlatforms) = postSolution
		{824190AC-9181-48FD-BB02-79E2B9E12334}.Debug|Any CPU.ActiveCfg = Debug|Any CPU
		{824190AC-9181-48FD-BB02-79E2B9E12334}.Debug|Any CPU.Build.0 = Debug|Any CPU
		{824190AC-9181-48FD-BB02-79E2B9E12334}.Release|Any CPU.ActiveCfg = Release|Any CPU
		{824190AC-9181-48FD-BB02-79E2B9E12334}.Release|Any CPU.Build.0 = Release|Any CPU
	EndGlobalSection
	GlobalSection(SolutionProperties) = preSolution
		HideSolutionNode = FALSE
	EndGlobalSection
	GlobalSection(ExtensibilityGlobals) = postSolution
		SolutionGuid = {0D560558-61CF-43D0-AC19-04598FF3A38B}
	EndGlobalSection
EndGlobal
